
Microsoft Visual Studio Solution File, Format Version 12.00
# Visual Studio Version 17
VisualStudioVersion = 17.1.32210.238
MinimumVisualStudioVersion = 10.0.40219.1
Project("{FAE04EC0-301F-11D3-BF4B-00C04F79EFBC}") = "Zgadnij liczbę zadanie", "Zgadnij liczbę zadanie\Zgadnij liczbę zadanie.csproj", "{6C0B3697-C381-46CE-AA9A-31C6FFAF2FA1}"
EndProject
Global
	GlobalSection(SolutionConfigurationPlatforms) = preSolution
		Debug|Any CPU = Debug|Any CPU
		Release|Any CPU = Release|Any CPU
	EndGlobalSection
	GlobalSection(ProjectConfigurationPlatforms) = postSolution
		{6C0B3697-C381-46CE-AA9A-31C6FFAF2FA1}.Debug|Any CPU.ActiveCfg = Debug|Any CPU
		{6C0B3697-C381-46CE-AA9A-31C6FFAF2FA1}.Debug|Any CPU.Build.0 = Debug|Any CPU
		{6C0B3697-C381-46CE-AA9A-31C6FFAF2FA1}.Release|Any CPU.ActiveCfg = Release|Any CPU
		{6C0B3697-C381-46CE-AA9A-31C6FFAF2FA1}.Release|Any CPU.Build.0 = Release|Any CPU
	EndGlobalSection
	GlobalSection(SolutionProperties) = preSolution
		HideSolutionNode = FALSE
	EndGlobalSection
	GlobalSection(ExtensibilityGlobals) = postSolution
		SolutionGuid = {B5D89059-230C-4AA1-9490-D3474A5AE376}
	EndGlobalSection
EndGlobal
